
Microsoft Visual Studio Solution File, Format Version 12.00
# Visual Studio Version 16
VisualStudioVersion = 16.0.30621.155
MinimumVisualStudioVersion = 10.0.40219.1
Project("{E24C65DC-7377-472B-9ABA-BC803B73C61A}") = "Chinese Numbers Game", ".", "{71F46332-CE3D-456E-AB3D-A003D8E7E62B}"
	ProjectSection(WebsiteProperties) = preProject
		TargetFrameworkMoniker = ".NETFramework,Version%3Dv4.0"
		Debug.AspNetCompiler.VirtualPath = "/localhost_60819"
		Debug.AspNetCompiler.PhysicalPath = "..\Chinese Numbers Game\"
		Debug.AspNetCompiler.TargetPath = "PrecompiledWeb\localhost_60819\"
		Debug.AspNetCompiler.Updateable = "true"
		Debug.AspNetCompiler.ForceOverwrite = "true"
		Debug.AspNetCompiler.FixedNames = "false"
		Debug.AspNetCompiler.Debug = "True"
		Release.AspNetCompiler.VirtualPath = "/localhost_60819"
		Release.AspNetCompiler.PhysicalPath = "..\Chinese Numbers Game\"
		Release.AspNetCompiler.TargetPath = "PrecompiledWeb\localhost_60819\"
		Release.AspNetCompiler.Updateable = "true"
		Release.AspNetCompiler.ForceOverwrite = "true"
		Release.AspNetCompiler.FixedNames = "false"
		Release.AspNetCompiler.Debug = "False"
		VWDPort = "60819"
	EndProjectSection
EndProject
Global
	GlobalSection(SolutionConfigurationPlatforms) = preSolution
		Debug|Any CPU = Debug|Any CPU
	EndGlobalSection
	GlobalSection(ProjectConfigurationPlatforms) = postSolution
		{71F46332-CE3D-456E-AB3D-A003D8E7E62B}.Debug|Any CPU.ActiveCfg = Debug|Any CPU
		{71F46332-CE3D-456E-AB3D-A003D8E7E62B}.Debug|Any CPU.Build.0 = Debug|Any CPU
	EndGlobalSection
	GlobalSection(SolutionProperties) = preSolution
		HideSolutionNode = FALSE
	EndGlobalSection
	GlobalSection(ExtensibilityGlobals) = postSolution
		SolutionGuid = {85FA308B-554A-4175-B261-D53AC8D5B78F}
	EndGlobalSection
EndGlobal
